
Microsoft Visual Studio Solution File, Format Version 12.00
# Visual Studio Version 17
VisualStudioVersion = 17.2.32630.192
MinimumVisualStudioVersion = 10.0.40219.1
Project("{FAE04EC0-301F-11D3-BF4B-00C04F79EFBC}") = "Command-Saver-api", "Command-Saver-api\Command-Saver-api.csproj", "{F6DF31A8-ED70-440B-A1D3-AABE39699CDC}"
EndProject
Global
	GlobalSection(SolutionConfigurationPlatforms) = preSolution
		Debug|Any CPU = Debug|Any CPU
		Release|Any CPU = Release|Any CPU
	EndGlobalSection
	GlobalSection(ProjectConfigurationPlatforms) = postSolution
		{F6DF31A8-ED70-440B-A1D3-AABE39699CDC}.Debug|Any CPU.ActiveCfg = Debug|Any CPU
		{F6DF31A8-ED70-440B-A1D3-AABE39699CDC}.Debug|Any CPU.Build.0 = Debug|Any CPU
		{F6DF31A8-ED70-440B-A1D3-AABE39699CDC}.Release|Any CPU.ActiveCfg = Release|Any CPU
		{F6DF31A8-ED70-440B-A1D3-AABE39699CDC}.Release|Any CPU.Build.0 = Release|Any CPU
	EndGlobalSection
	GlobalSection(SolutionProperties) = preSolution
		HideSolutionNode = FALSE
	EndGlobalSection
	GlobalSection(ExtensibilityGlobals) = postSolution
		SolutionGuid = {96E9BED0-7A5F-4667-8899-30E1806C4C0F}
	EndGlobalSection
EndGlobal
